
Microsoft Visual Studio Solution File, Format Version 12.00
# Visual Studio 2013
VisualStudioVersion = 12.0.21005.1
MinimumVisualStudioVersion = 10.0.40219.1
Project("{FAE04EC0-301F-11D3-BF4B-00C04F79EFBC}") = "Temperature", "Temeprature\Temperature.csproj", "{6CC3140F-1FC2-45FF-9EB6-5ACC5EFA37EF}"
EndProject
Project("{FAE04EC0-301F-11D3-BF4B-00C04F79EFBC}") = "TemperatureForms", "TemperatureForms\TemperatureForms.csproj", "{A0355A84-F302-40E8-B3C5-D7E404CF5803}"
	ProjectSection(ProjectDependencies) = postProject
		{6CC3140F-1FC2-45FF-9EB6-5ACC5EFA37EF} = {6CC3140F-1FC2-45FF-9EB6-5ACC5EFA37EF}
	EndProjectSection
EndProject
Project("{FAE04EC0-301F-11D3-BF4B-00C04F79EFBC}") = "TemperatureWeb", "TemperatureWeb\TemperatureWeb.csproj", "{0810BCEB-71D5-42E2-B8EF-452F5F79A913}"
	ProjectSection(ProjectDependencies) = postProject
		{6CC3140F-1FC2-45FF-9EB6-5ACC5EFA37EF} = {6CC3140F-1FC2-45FF-9EB6-5ACC5EFA37EF}
	EndProjectSection
EndProject
Project("{FAE04EC0-301F-11D3-BF4B-00C04F79EFBC}") = "DSODWebBrowser", "DSODWebBrowser\DSODWebBrowser.csproj", "{381F7EC5-CEBD-4B80-8938-A2C4F8B2D6FA}"
EndProject
Global
	GlobalSection(SolutionConfigurationPlatforms) = preSolution
		Debug|Any CPU = Debug|Any CPU
		Release|Any CPU = Release|Any CPU
	EndGlobalSection
	GlobalSection(ProjectConfigurationPlatforms) = postSolution
		{6CC3140F-1FC2-45FF-9EB6-5ACC5EFA37EF}.Debug|Any CPU.ActiveCfg = Debug|Any CPU
		{6CC3140F-1FC2-45FF-9EB6-5ACC5EFA37EF}.Debug|Any CPU.Build.0 = Debug|Any CPU
		{6CC3140F-1FC2-45FF-9EB6-5ACC5EFA37EF}.Release|Any CPU.ActiveCfg = Release|Any CPU
		{6CC3140F-1FC2-45FF-9EB6-5ACC5EFA37EF}.Release|Any CPU.Build.0 = Release|Any CPU
		{A0355A84-F302-40E8-B3C5-D7E404CF5803}.Debug|Any CPU.ActiveCfg = Debug|Any CPU
		{A0355A84-F302-40E8-B3C5-D7E404CF5803}.Debug|Any CPU.Build.0 = Debug|Any CPU
		{A0355A84-F302-40E8-B3C5-D7E404CF5803}.Release|Any CPU.ActiveCfg = Release|Any CPU
		{A0355A84-F302-40E8-B3C5-D7E404CF5803}.Release|Any CPU.Build.0 = Release|Any CPU
		{0810BCEB-71D5-42E2-B8EF-452F5F79A913}.Debug|Any CPU.ActiveCfg = Debug|Any CPU
		{0810BCEB-71D5-42E2-B8EF-452F5F79A913}.Debug|Any CPU.Build.0 = Debug|Any CPU
		{0810BCEB-71D5-42E2-B8EF-452F5F79A913}.Release|Any CPU.ActiveCfg = Release|Any CPU
		{0810BCEB-71D5-42E2-B8EF-452F5F79A913}.Release|Any CPU.Build.0 = Release|Any CPU
		{381F7EC5-CEBD-4B80-8938-A2C4F8B2D6FA}.Debug|Any CPU.ActiveCfg = Debug|Any CPU
		{381F7EC5-CEBD-4B80-8938-A2C4F8B2D6FA}.Debug|Any CPU.Build.0 = Debug|Any CPU
		{381F7EC5-CEBD-4B80-8938-A2C4F8B2D6FA}.Release|Any CPU.ActiveCfg = Release|Any CPU
		{381F7EC5-CEBD-4B80-8938-A2C4F8B2D6FA}.Release|Any CPU.Build.0 = Release|Any CPU
	EndGlobalSection
	GlobalSection(SolutionProperties) = preSolution
		HideSolutionNode = FALSE
	EndGlobalSection
EndGlobal
